// !$*UTF8*$!
{
	archiveVersion = 1;
	classes = {
	};
	objectVersion = 48;
	objects = {

/* Begin PBXBuildFile section */
		3C1F27F31DD3845008DFB238 /* Pods_InternetMarket.framework in Frameworks */ = {isa = PBXBuildFile; fileRef = C9AB6E9EB23F1038BB11BADC /* Pods_InternetMarket.framework */; };
		7F4264242063ABAE0032C7C9 /* Router.swift in Sources */ = {isa = PBXBuildFile; fileRef = 7F4264232063ABAE0032C7C9 /* Router.swift */; };
		7FB115C5205A695800D58AF7 /* AdminViewController.swift in Sources */ = {isa = PBXBuildFile; fileRef = 7FB115C4205A695800D58AF7 /* AdminViewController.swift */; };
		7FB115C7205AA22000D58AF7 /* Helper.swift in Sources */ = {isa = PBXBuildFile; fileRef = 7FB115C6205AA22000D58AF7 /* Helper.swift */; };
		7FF3459B20567356009D6113 /* AppDelegate.swift in Sources */ = {isa = PBXBuildFile; fileRef = 7FF3459A20567356009D6113 /* AppDelegate.swift */; };
		7FF3459D20567356009D6113 /* ViewController.swift in Sources */ = {isa = PBXBuildFile; fileRef = 7FF3459C20567356009D6113 /* ViewController.swift */; };
		7FF345A020567356009D6113 /* Main.storyboard in Resources */ = {isa = PBXBuildFile; fileRef = 7FF3459E20567356009D6113 /* Main.storyboard */; };
		7FF345A220567356009D6113 /* Assets.xcassets in Resources */ = {isa = PBXBuildFile; fileRef = 7FF345A120567356009D6113 /* Assets.xcassets */; };
		7FF345A520567356009D6113 /* LaunchScreen.storyboard in Resources */ = {isa = PBXBuildFile; fileRef = 7FF345A320567356009D6113 /* LaunchScreen.storyboard */; };
		7FF345AD2056838B009D6113 /* Model.swift in Sources */ = {isa = PBXBuildFile; fileRef = 7FF345AC2056838B009D6113 /* Model.swift */; };
		7FF345AF20568883009D6113 /* ModelCollectionViewCell.swift in Sources */ = {isa = PBXBuildFile; fileRef = 7FF345AE20568883009D6113 /* ModelCollectionViewCell.swift */; };
/* End PBXBuildFile section */

/* Begin PBXFileReference section */
		0C00EA48A1E6C28BB6633CD5 /* Pods-InternetMarket.release.xcconfig */ = {isa = PBXFileReference; includeInIndex = 1; lastKnownFileType = text.xcconfig; name = "Pods-InternetMarket.release.xcconfig"; path = "Pods/Target Support Files/Pods-InternetMarket/Pods-InternetMarket.release.xcconfig"; sourceTree = "<group>"; };
		5EEDD3555AB5816C0281FEAA /* Pods-InternetMarket.debug.xcconfig */ = {isa = PBXFileReference; includeInIndex = 1; lastKnownFileType = text.xcconfig; name = "Pods-InternetMarket.debug.xcconfig"; path = "Pods/Target Support Files/Pods-InternetMarket/Pods-InternetMarket.debug.xcconfig"; sourceTree = "<group>"; };
		7F4264232063ABAE0032C7C9 /* Router.swift */ = {isa = PBXFileReference; lastKnownFileType = sourcecode.swift; path = Router.swift; sourceTree = "<group>"; };
		7F4264262063AF720032C7C9 /* Alamofire.framework */ = {isa = PBXFileReference; explicitFileType = wrapper.framework; path = Alamofire.framework; sourceTree = BUILT_PRODUCTS_DIR; };
		7F4264282063AF7D0032C7C9 /* SwiftyJSON.framework */ = {isa = PBXFileReference; explicitFileType = wrapper.framework; path = SwiftyJSON.framework; sourceTree = BUILT_PRODUCTS_DIR; };
		7FB115C4205A695800D58AF7 /* AdminViewController.swift */ = {isa = PBXFileReference; lastKnownFileType = sourcecode.swift; path = AdminViewController.swift; sourceTree = "<group>"; };
		7FB115C6205AA22000D58AF7 /* Helper.swift */ = {isa = PBXFileReference; lastKnownFileType = sourcecode.swift; path = Helper.swift; sourceTree = "<group>"; };
		7FF3459720567356009D6113 /* InternetMarket.app */ = {isa = PBXFileReference; explicitFileType = wrapper.application; includeInIndex = 0; path = InternetMarket.app; sourceTree = BUILT_PRODUCTS_DIR; };
		7FF3459A20567356009D6113 /* AppDelegate.swift */ = {isa = PBXFileReference; lastKnownFileType = sourcecode.swift; path = AppDelegate.swift; sourceTree = "<group>"; };
		7FF3459C20567356009D6113 /* ViewController.swift */ = {isa = PBXFileReference; lastKnownFileType = sourcecode.swift; path = ViewController.swift; sourceTree = "<group>"; };
		7FF3459F20567356009D6113 /* Base */ = {isa = PBXFileReference; lastKnownFileType = file.storyboard; name = Base; path = Base.lproj/Main.storyboard; sourceTree = "<group>"; };
		7FF345A120567356009D6113 /* Assets.xcassets */ = {isa = PBXFileReference; lastKnownFileType = folder.assetcatalog; path = Assets.xcassets; sourceTree = "<group>"; };
		7FF345A420567356009D6113 /* Base */ = {isa = PBXFileReference; lastKnownFileType = file.storyboard; name = Base; path = Base.lproj/LaunchScreen.storyboard; sourceTree = "<group>"; };
		7FF345A620567356009D6113 /* Info.plist */ = {isa = PBXFileReference; lastKnownFileType = text.plist.xml; path = Info.plist; sourceTree = "<group>"; };
		7FF345AC2056838B009D6113 /* Model.swift */ = {isa = PBXFileReference; lastKnownFileType = sourcecode.swift; path = Model.swift; sourceTree = "<group>"; };
		7FF345AE20568883009D6113 /* ModelCollectionViewCell.swift */ = {isa = PBXFileReference; lastKnownFileType = sourcecode.swift; path = ModelCollectionViewCell.swift; sourceTree = "<group>"; };
		C9AB6E9EB23F1038BB11BADC /* Pods_InternetMarket.framework */ = {isa = PBXFileReference; explicitFileType = wrapper.framework; includeInIndex = 0; path = Pods_InternetMarket.framework; sourceTree = BUILT_PRODUCTS_DIR; };
/* End PBXFileReference section */

/* Begin PBXFrameworksBuildPhase section */
		7FF3459420567356009D6113 /* Frameworks */ = {
			isa = PBXFrameworksBuildPhase;
			buildActionMask = 2147483647;
			files = (
				3C1F27F31DD3845008DFB238 /* Pods_InternetMarket.framework in Frameworks */,
			);
			runOnlyForDeploymentPostprocessing = 0;
		};
/* End PBXFrameworksBuildPhase section */

/* Begin PBXGroup section */
		7FF3458E20567356009D6113 = {
			isa = PBXGroup;
			children = (
				7FF3459920567356009D6113 /* InternetMarket */,
				7FF3459820567356009D6113 /* Products */,
				AE582628D2AC0F43510B3A3F /* Pods */,
				DF1C28A8F45F88E30123AFC8 /* Frameworks */,
			);
			sourceTree = "<group>";
		};
		7FF3459820567356009D6113 /* Products */ = {
			isa = PBXGroup;
			children = (
				7FF3459720567356009D6113 /* InternetMarket.app */,
			);
			name = Products;
			sourceTree = "<group>";
		};
		7FF3459920567356009D6113 /* InternetMarket */ = {
			isa = PBXGroup;
			children = (
				7FF3459A20567356009D6113 /* AppDelegate.swift */,
				7F4264232063ABAE0032C7C9 /* Router.swift */,
				7FF345AC2056838B009D6113 /* Model.swift */,
				7FB115C6205AA22000D58AF7 /* Helper.swift */,
				7FF345AE20568883009D6113 /* ModelCollectionViewCell.swift */,
				7FF3459C20567356009D6113 /* ViewController.swift */,
				7FB115C4205A695800D58AF7 /* AdminViewController.swift */,
				7FF3459E20567356009D6113 /* Main.storyboard */,
				7FF345A120567356009D6113 /* Assets.xcassets */,
				7FF345A320567356009D6113 /* LaunchScreen.storyboard */,
				7FF345A620567356009D6113 /* Info.plist */,
			);
			path = InternetMarket;
			sourceTree = "<group>";
		};
		AE582628D2AC0F43510B3A3F /* Pods */ = {
			isa = PBXGroup;
			children = (
				5EEDD3555AB5816C0281FEAA /* Pods-InternetMarket.debug.xcconfig */,
				0C00EA48A1E6C28BB6633CD5 /* Pods-InternetMarket.release.xcconfig */,
			);
			name = Pods;
			sourceTree = "<group>";
		};
		DF1C28A8F45F88E30123AFC8 /* Frameworks */ = {
			isa = PBXGroup;
			children = (
				7F4264282063AF7D0032C7C9 /* SwiftyJSON.framework */,
				7F4264262063AF720032C7C9 /* Alamofire.framework */,
				C9AB6E9EB23F1038BB11BADC /* Pods_InternetMarket.framework */,
			);
			name = Frameworks;
			sourceTree = "<group>";
		};
/* End PBXGroup section */

/* Begin PBXNativeTarget section */
		7FF3459620567356009D6113 /* InternetMarket */ = {
			isa = PBXNativeTarget;
			buildConfigurationList = 7FF345A920567356009D6113 /* Build configuration list for PBXNativeTarget "InternetMarket" */;
			buildPhases = (
				D35E89AAFE9F3F49EB9309F8 /* [CP] Check Pods Manifest.lock */,
				7FF3459320567356009D6113 /* Sources */,
				7FF3459420567356009D6113 /* Frameworks */,
				7FF3459520567356009D6113 /* Resources */,
				350B1C3BC5F3100577B10E87 /* [CP] Embed Pods Frameworks */,
				00FD14501EAE689185F9C0E0 /* [CP] Copy Pods Resources */,
			);
			buildRules = (
			);
			dependencies = (
			);
			name = InternetMarket;
			productName = InternetMarket;
			productReference = 7FF3459720567356009D6113 /* InternetMarket.app */;
			productType = "com.apple.product-type.application";
		};
/* End PBXNativeTarget section */

/* Begin PBXProject section */
		7FF3458F20567356009D6113 /* Project object */ = {
			isa = PBXProject;
			attributes = {
				LastSwiftUpdateCheck = 0920;
				LastUpgradeCheck = 0920;
				ORGANIZATIONNAME = "Alexander Yakovenko";
				TargetAttributes = {
					7FF3459620567356009D6113 = {
						CreatedOnToolsVersion = 9.2;
						ProvisioningStyle = Automatic;
					};
				};
			};
			buildConfigurationList = 7FF3459220567356009D6113 /* Build configuration list for PBXProject "InternetMarket" */;
			compatibilityVersion = "Xcode 8.0";
			developmentRegion = en;
			hasScannedForEncodings = 0;
			knownRegions = (
				en,
				Base,
			);
			mainGroup = 7FF3458E20567356009D6113;
			productRefGroup = 7FF3459820567356009D6113 /* Products */;
			projectDirPath = "";
			projectRoot = "";
			targets = (
				7FF3459620567356009D6113 /* InternetMarket */,
			);
		};
/* End PBXProject section */

/* Begin PBXResourcesBuildPhase section */
		7FF3459520567356009D6113 /* Resources */ = {
			isa = PBXResourcesBuildPhase;
			buildActionMask = 2147483647;
			files = (
				7FF345A520567356009D6113 /* LaunchScreen.storyboard in Resources */,
				7FF345A220567356009D6113 /* Assets.xcassets in Resources */,
				7FF345A020567356009D6113 /* Main.storyboard in Resources */,
			);
			runOnlyForDeploymentPostprocessing = 0;
		};
/* End PBXResourcesBuildPhase section */

/* Begin PBXShellScriptBuildPhase section */
		00FD14501EAE689185F9C0E0 /* [CP] Copy Pods Resources */ = {
			isa = PBXShellScriptBuildPhase;
			buildActionMask = 2147483647;
			files = (
			);
			inputPaths = (
			);
			name = "[CP] Copy Pods Resources";
			outputPaths = (
			);
			runOnlyForDeploymentPostprocessing = 0;
			shellPath = /bin/sh;
			shellScript = "\"${SRCROOT}/Pods/Target Support Files/Pods-InternetMarket/Pods-InternetMarket-resources.sh\"\n";
			showEnvVarsInLog = 0;
		};
		350B1C3BC5F3100577B10E87 /* [CP] Embed Pods Frameworks */ = {
			isa = PBXShellScriptBuildPhase;
			buildActionMask = 2147483647;
			files = (
			);
			inputPaths = (
				"${SRCROOT}/Pods/Target Support Files/Pods-InternetMarket/Pods-InternetMarket-frameworks.sh",
				"${BUILT_PRODUCTS_DIR}/Alamofire/Alamofire.framework",
				"${BUILT_PRODUCTS_DIR}/SwiftyJSON/SwiftyJSON.framework",
			);
			name = "[CP] Embed Pods Frameworks";
			outputPaths = (
				"${TARGET_BUILD_DIR}/${FRAMEWORKS_FOLDER_PATH}/Alamofire.framework",
				"${TARGET_BUILD_DIR}/${FRAMEWORKS_FOLDER_PATH}/SwiftyJSON.framework",
			);
			runOnlyForDeploymentPostprocessing = 0;
			shellPath = /bin/sh;
			shellScript = "\"${SRCROOT}/Pods/Target Support Files/Pods-InternetMarket/Pods-InternetMarket-frameworks.sh\"\n";
			showEnvVarsInLog = 0;
		};
		D35E89AAFE9F3F49EB9309F8 /* [CP] Check Pods Manifest.lock */ = {
			isa = PBXShellScriptBuildPhase;
			buildActionMask = 2147483647;
			files = (
			);
			inputPaths = (
				"${PODS_PODFILE_DIR_PATH}/Podfile.lock",
				"${PODS_ROOT}/Manifest.lock",
			);
			name = "[CP] Check Pods Manifest.lock";
			outputPaths = (
				"$(DERIVED_FILE_DIR)/Pods-InternetMarket-checkManifestLockResult.txt",
			);
			runOnlyForDeploymentPostprocessing = 0;
			shellPath = /bin/sh;
			shellScript = "diff \"${PODS_PODFILE_DIR_PATH}/Podfile.lock\" \"${PODS_ROOT}/Manifest.lock\" > /dev/null\nif [ $? != 0 ] ; then\n    # print error to STDERR\n    echo \"error: The sandbox is not in sync with the Podfile.lock. Run 'pod install' or update your CocoaPods installation.\" >&2\n    exit 1\nfi\n# This output is used by Xcode 'outputs' to avoid re-running this script phase.\necho \"SUCCESS\" > \"${SCRIPT_OUTPUT_FILE_0}\"\n";
			showEnvVarsInLog = 0;
		};
/* End PBXShellScriptBuildPhase section */

/* Begin PBXSourcesBuildPhase section */
		7FF3459320567356009D6113 /* Sources */ = {
			isa = PBXSourcesBuildPhase;
			buildActionMask = 2147483647;
			files = (
				7FF345AF20568883009D6113 /* ModelCollectionViewCell.swift in Sources */,
				7FF345AD2056838B009D6113 /* Model.swift in Sources */,
				7FF3459D20567356009D6113 /* ViewController.swift in Sources */,
				7F4264242063ABAE0032C7C9 /* Router.swift in Sources */,
				7FB115C5205A695800D58AF7 /* AdminViewController.swift in Sources */,
				7FF3459B20567356009D6113 /* AppDelegate.swift in Sources */,
				7FB115C7205AA22000D58AF7 /* Helper.swift in Sources */,
			);
			runOnlyForDeploymentPostprocessing = 0;
		};
/* End PBXSourcesBuildPhase section */

/* Begin PBXVariantGroup section */
		7FF3459E20567356009D6113 /* Main.storyboard */ = {
			isa = PBXVariantGroup;
			children = (
				7FF3459F20567356009D6113 /* Base */,
			);
			name = Main.storyboard;
			sourceTree = "<group>";
		};
		7FF345A320567356009D6113 /* LaunchScreen.storyboard */ = {
			isa = PBXVariantGroup;
			children = (
				7FF345A420567356009D6113 /* Base */,
			);
			name = LaunchScreen.storyboard;
			sourceTree = "<group>";
		};
/* End PBXVariantGroup section */

/* Begin XCBuildConfiguration section */
		7FF345A720567356009D6113 /* Debug */ = {
			isa = XCBuildConfiguration;
			buildSettings = {
				ALWAYS_SEARCH_USER_PATHS = NO;
				CLANG_ANALYZER_NONNULL = YES;
				CLANG_ANALYZER_NUMBER_OBJECT_CONVERSION = YES_AGGRESSIVE;
				CLANG_CXX_LANGUAGE_STANDARD = "gnu++14";
				CLANG_CXX_LIBRARY = "libc++";
				CLANG_ENABLE_MODULES = YES;
				CLANG_ENABLE_OBJC_ARC = YES;
				CLANG_WARN_BLOCK_CAPTURE_AUTORELEASING = YES;
				CLANG_WARN_BOOL_CONVERSION = YES;
				CLANG_WARN_COMMA = YES;
				CLANG_WARN_CONSTANT_CONVERSION = YES;
				CLANG_WARN_DIRECT_OBJC_ISA_USAGE = YES_ERROR;
				CLANG_WARN_DOCUMENTATION_COMMENTS = YES;
				CLANG_WARN_EMPTY_BODY = YES;
				CLANG_WARN_ENUM_CONVERSION = YES;
				CLANG_WARN_INFINITE_RECURSION = YES;
				CLANG_WARN_INT_CONVERSION = YES;
				CLANG_WARN_NON_LITERAL_NULL_CONVERSION = YES;
				CLANG_WARN_OBJC_LITERAL_CONVERSION = YES;
				CLANG_WARN_OBJC_ROOT_CLASS = YES_ERROR;
				CLANG_WARN_RANGE_LOOP_ANALYSIS = YES;
				CLANG_WARN_STRICT_PROTOTYPES = YES;
				CLANG_WARN_SUSPICIOUS_MOVE = YES;
				CLANG_WARN_UNGUARDED_AVAILABILITY = YES_AGGRESSIVE;
				CLANG_WARN_UNREACHABLE_CODE = YES;
				CLANG_WARN__DUPLICATE_METHOD_MATCH = YES;
				CODE_SIGN_IDENTITY = "iPhone Developer";
				COPY_PHASE_STRIP = NO;
				DEBUG_INFORMATION_FORMAT = dwarf;
				ENABLE_STRICT_OBJC_MSGSEND = YES;
				ENABLE_TESTABILITY = YES;
				GCC_C_LANGUAGE_STANDARD = gnu11;
				GCC_DYNAMIC_NO_PIC = NO;
				GCC_NO_COMMON_BLOCKS = YES;
				GCC_OPTIMIZATION_LEVEL = 0;
				GCC_PREPROCESSOR_DEFINITIONS = (
					"DEBUG=1",
					"$(inherited)",
				);
				GCC_WARN_64_TO_32_BIT_CONVERSION = YES;
				GCC_WARN_ABOUT_RETURN_TYPE = YES_ERROR;
				GCC_WARN_UNDECLARED_SELECTOR = YES;
				GCC_WARN_UNINITIALIZED_AUTOS = YES_AGGRESSIVE;
				GCC_WARN_UNUSED_FUNCTION = YES;
				GCC_WARN_UNUSED_VARIABLE = YES;
				IPHONEOS_DEPLOYMENT_TARGET = 11.2;
				MTL_ENABLE_DEBUG_INFO = YES;
				ONLY_ACTIVE_ARCH = YES;
				SDKROOT = iphoneos;
				SWIFT_ACTIVE_COMPILATION_CONDITIONS = DEBUG;
				SWIFT_OPTIMIZATION_LEVEL = "-Onone";
			};
			name = Debug;
		};
		7FF345A820567356009D6113 /* Release */ = {
			isa = XCBuildConfiguration;
			buildSettings = {
				ALWAYS_SEARCH_USER_PATHS = NO;
				CLANG_ANALYZER_NONNULL = YES;
				CLANG_ANALYZER_NUMBER_OBJECT_CONVERSION = YES_AGGRESSIVE;
				CLANG_CXX_LANGUAGE_STANDARD = "gnu++14";
				CLANG_CXX_LIBRARY = "libc++";
				CLANG_ENABLE_MODULES = YES;
				CLANG_ENABLE_OBJC_ARC = YES;
				CLANG_WARN_BLOCK_CAPTURE_AUTORELEASING = YES;
				CLANG_WARN_BOOL_CONVERSION = YES;
				CLANG_WARN_COMMA = YES;
				CLANG_WARN_CONSTANT_CONVERSION = YES;
				CLANG_WARN_DIRECT_OBJC_ISA_USAGE = YES_ERROR;
				CLANG_WARN_DOCUMENTATION_COMMENTS = YES;
				CLANG_WARN_EMPTY_BODY = YES;
				CLANG_WARN_ENUM_CONVERSION = YES;
				CLANG_WARN_INFINITE_RECURSION = YES;
				CLANG_WARN_INT_CONVERSION = YES;
				CLANG_WARN_NON_LITERAL_NULL_CONVERSION = YES;
				CLANG_WARN_OBJC_LITERAL_CONVERSION = YES;
				CLANG_WARN_OBJC_ROOT_CLASS = YES_ERROR;
				CLANG_WARN_RANGE_LOOP_ANALYSIS = YES;
				CLANG_WARN_STRICT_PROTOTYPES = YES;
				CLANG_WARN_SUSPICIOUS_MOVE = YES;
				CLANG_WARN_UNGUARDED_AVAILABILITY = YES_AGGRESSIVE;
				CLANG_WARN_UNREACHABLE_CODE = YES;
				CLANG_WARN__DUPLICATE_METHOD_MATCH = YES;
				CODE_SIGN_IDENTITY = "iPhone Developer";
				COPY_PHASE_STRIP = NO;
				DEBUG_INFORMATION_FORMAT = "dwarf-with-dsym";
				ENABLE_NS_ASSERTIONS = NO;
				ENABLE_STRICT_OBJC_MSGSEND = YES;
				GCC_C_LANGUAGE_STANDARD = gnu11;
				GCC_NO_COMMON_BLOCKS = YES;
				GCC_WARN_64_TO_32_BIT_CONVERSION = YES;
				GCC_WARN_ABOUT_RETURN_TYPE = YES_ERROR;
				GCC_WARN_UNDECLARED_SELECTOR = YES;
				GCC_WARN_UNINITIALIZED_AUTOS = YES_AGGRESSIVE;
				GCC_WARN_UNUSED_FUNCTION = YES;
				GCC_WARN_UNUSED_VARIABLE = YES;
				IPHONEOS_DEPLOYMENT_TARGET = 11.2;
				MTL_ENABLE_DEBUG_INFO = NO;
				SDKROOT = iphoneos;
				SWIFT_OPTIMIZATION_LEVEL = "-Owholemodule";
				VALIDATE_PRODUCT = YES;
			};
			name = Release;
		};
		7FF345AA20567356009D6113 /* Debug */ = {
			isa = XCBuildConfiguration;
			baseConfigurationReference = 5EEDD3555AB5816C0281FEAA /* Pods-InternetMarket.debug.xcconfig */;
			buildSettings = {
				ASSETCATALOG_COMPILER_APPICON_NAME = AppIcon;
				CODE_SIGN_STYLE = Automatic;
				DEVELOPMENT_TEAM = 3HY885L7L9;
				INFOPLIST_FILE = InternetMarket/Info.plist;
				LD_RUNPATH_SEARCH_PATHS = "$(inherited) @executable_path/Frameworks";
				PRODUCT_BUNDLE_IDENTIFIER = "Alexander-Yakovenko.InternetMarket";
				PRODUCT_NAME = "$(TARGET_NAME)";
				SWIFT_VERSION = 4.0;
				TARGETED_DEVICE_FAMILY = "1,2";
			};
			name = Debug;
		};
		7FF345AB20567356009D6113 /* Release */ = {
			isa = XCBuildConfiguration;
			baseConfigurationReference = 0C00EA48A1E6C28BB6633CD5 /* Pods-InternetMarket.release.xcconfig */;
			buildSettings = {
				ASSETCATALOG_COMPILER_APPICON_NAME = AppIcon;
				CODE_SIGN_STYLE = Automatic;
				DEVELOPMENT_TEAM = 3HY885L7L9;
				INFOPLIST_FILE = InternetMarket/Info.plist;
				LD_RUNPATH_SEARCH_PATHS = "$(inherited) @executable_path/Frameworks";
				PRODUCT_BUNDLE_IDENTIFIER = "Alexander-Yakovenko.InternetMarket";
				PRODUCT_NAME = "$(TARGET_NAME)";
				SWIFT_VERSION = 4.0;
				TARGETED_DEVICE_FAMILY = "1,2";
			};
			name = Release;
		};
/* End XCBuildConfiguration section */

/* Begin XCConfigurationList section */
		7FF3459220567356009D6113 /* Build configuration list for PBXProject "InternetMarket" */ = {
			isa = XCConfigurationList;
			buildConfigurations = (
				7FF345A720567356009D6113 /* Debug */,
				7FF345A820567356009D6113 /* Release */,
			);
			defaultConfigurationIsVisible = 0;
			defaultConfigurationName = Release;
		};
		7FF345A920567356009D6113 /* Build configuration list for PBXNativeTarget "InternetMarket" */ = {
			isa = XCConfigurationList;
			buildConfigurations = (
				7FF345AA20567356009D6113 /* Debug */,
				7FF345AB20567356009D6113 /* Release */,
			);
			defaultConfigurationIsVisible = 0;
			defaultConfigurationName = Release;
		};
/* End XCConfigurationList section */
	};
	rootObject = 7FF3458F20567356009D6113 /* Project object */;
}
